// !$*UTF8*$!
{
	archiveVersion = 1;
	classes = {
	};
	objectVersion = 46;
	objects = {

/* Begin PBXBuildFile section */
		1770DA870557E1E5CB349A85 /* libPods-LPLaunchManagerDemo.a in Frameworks */ = {isa = PBXBuildFile; fileRef = C1D8ABF0371FEEB832B2F84D /* libPods-LPLaunchManagerDemo.a */; };
		AFFE3C2E1C3223EA004441F3 /* main.m in Sources */ = {isa = PBXBuildFile; fileRef = AFFE3C2D1C3223EA004441F3 /* main.m */; };
		AFFE3C311C3223EA004441F3 /* AppDelegate.m in Sources */ = {isa = PBXBuildFile; fileRef = AFFE3C301C3223EA004441F3 /* AppDelegate.m */; };
		AFFE3C341C3223EA004441F3 /* ViewController.m in Sources */ = {isa = PBXBuildFile; fileRef = AFFE3C331C3223EA004441F3 /* ViewController.m */; };
		AFFE3C391C3223EA004441F3 /* Assets.xcassets in Resources */ = {isa = PBXBuildFile; fileRef = AFFE3C381C3223EA004441F3 /* Assets.xcassets */; };
		AFFE3C4A1C3225CF004441F3 /* LPADDataManager.m in Sources */ = {isa = PBXBuildFile; fileRef = AFFE3C451C3225CF004441F3 /* LPADDataManager.m */; };
		AFFE3C4B1C3225CF004441F3 /* LPADNetworking.m in Sources */ = {isa = PBXBuildFile; fileRef = AFFE3C471C3225CF004441F3 /* LPADNetworking.m */; };
		AFFE3C4C1C3225CF004441F3 /* LPADViewController.m in Sources */ = {isa = PBXBuildFile; fileRef = AFFE3C491C3225CF004441F3 /* LPADViewController.m */; };
		AFFE3C4F1C3228B9004441F3 /* LPLaunchManager.m in Sources */ = {isa = PBXBuildFile; fileRef = AFFE3C4E1C3228B9004441F3 /* LPLaunchManager.m */; };
/* End PBXBuildFile section */

/* Begin PBXFileReference section */
		16B8C5812D3ADC435914F2F5 /* Pods-LPLaunchManagerDemo.debug.xcconfig */ = {isa = PBXFileReference; includeInIndex = 1; lastKnownFileType = text.xcconfig; name = "Pods-LPLaunchManagerDemo.debug.xcconfig"; path = "Pods/Target Support Files/Pods-LPLaunchManagerDemo/Pods-LPLaunchManagerDemo.debug.xcconfig"; sourceTree = "<group>"; };
		AFFE3C291C3223EA004441F3 /* LPLaunchManagerDemo.app */ = {isa = PBXFileReference; explicitFileType = wrapper.application; includeInIndex = 0; path = LPLaunchManagerDemo.app; sourceTree = BUILT_PRODUCTS_DIR; };
		AFFE3C2D1C3223EA004441F3 /* main.m */ = {isa = PBXFileReference; lastKnownFileType = sourcecode.c.objc; path = main.m; sourceTree = "<group>"; };
		AFFE3C2F1C3223EA004441F3 /* AppDelegate.h */ = {isa = PBXFileReference; lastKnownFileType = sourcecode.c.h; path = AppDelegate.h; sourceTree = "<group>"; };
		AFFE3C301C3223EA004441F3 /* AppDelegate.m */ = {isa = PBXFileReference; lastKnownFileType = sourcecode.c.objc; path = AppDelegate.m; sourceTree = "<group>"; };
		AFFE3C321C3223EA004441F3 /* ViewController.h */ = {isa = PBXFileReference; lastKnownFileType = sourcecode.c.h; path = ViewController.h; sourceTree = "<group>"; };
		AFFE3C331C3223EA004441F3 /* ViewController.m */ = {isa = PBXFileReference; lastKnownFileType = sourcecode.c.objc; path = ViewController.m; sourceTree = "<group>"; };
		AFFE3C381C3223EA004441F3 /* Assets.xcassets */ = {isa = PBXFileReference; lastKnownFileType = folder.assetcatalog; path = Assets.xcassets; sourceTree = "<group>"; };
		AFFE3C3D1C3223EA004441F3 /* Info.plist */ = {isa = PBXFileReference; lastKnownFileType = text.plist.xml; path = Info.plist; sourceTree = "<group>"; };
		AFFE3C441C3225CF004441F3 /* LPADDataManager.h */ = {isa = PBXFileReference; fileEncoding = 4; lastKnownFileType = sourcecode.c.h; path = LPADDataManager.h; sourceTree = "<group>"; };
		AFFE3C451C3225CF004441F3 /* LPADDataManager.m */ = {isa = PBXFileReference; fileEncoding = 4; lastKnownFileType = sourcecode.c.objc; path = LPADDataManager.m; sourceTree = "<group>"; };
		AFFE3C461C3225CF004441F3 /* LPADNetworking.h */ = {isa = PBXFileReference; fileEncoding = 4; lastKnownFileType = sourcecode.c.h; path = LPADNetworking.h; sourceTree = "<group>"; };
		AFFE3C471C3225CF004441F3 /* LPADNetworking.m */ = {isa = PBXFileReference; fileEncoding = 4; lastKnownFileType = sourcecode.c.objc; path = LPADNetworking.m; sourceTree = "<group>"; };
		AFFE3C481C3225CF004441F3 /* LPADViewController.h */ = {isa = PBXFileReference; fileEncoding = 4; lastKnownFileType = sourcecode.c.h; path = LPADViewController.h; sourceTree = "<group>"; };
		AFFE3C491C3225CF004441F3 /* LPADViewController.m */ = {isa = PBXFileReference; fileEncoding = 4; lastKnownFileType = sourcecode.c.objc; path = LPADViewController.m; sourceTree = "<group>"; };
		AFFE3C4D1C3228B9004441F3 /* LPLaunchManager.h */ = {isa = PBXFileReference; fileEncoding = 4; lastKnownFileType = sourcecode.c.h; path = LPLaunchManager.h; sourceTree = "<group>"; };
		AFFE3C4E1C3228B9004441F3 /* LPLaunchManager.m */ = {isa = PBXFileReference; fileEncoding = 4; lastKnownFileType = sourcecode.c.objc; path = LPLaunchManager.m; sourceTree = "<group>"; };
		C1D8ABF0371FEEB832B2F84D /* libPods-LPLaunchManagerDemo.a */ = {isa = PBXFileReference; explicitFileType = archive.ar; includeInIndex = 0; path = "libPods-LPLaunchManagerDemo.a"; sourceTree = BUILT_PRODUCTS_DIR; };
		CC59966831BA66B26D5905E0 /* Pods-LPLaunchManagerDemo.release.xcconfig */ = {isa = PBXFileReference; includeInIndex = 1; lastKnownFileType = text.xcconfig; name = "Pods-LPLaunchManagerDemo.release.xcconfig"; path = "Pods/Target Support Files/Pods-LPLaunchManagerDemo/Pods-LPLaunchManagerDemo.release.xcconfig"; sourceTree = "<group>"; };
/* End PBXFileReference section */

/* Begin PBXFrameworksBuildPhase section */
		AFFE3C261C3223EA004441F3 /* Frameworks */ = {
			isa = PBXFrameworksBuildPhase;
			buildActionMask = 2147483647;
			files = (
				1770DA870557E1E5CB349A85 /* libPods-LPLaunchManagerDemo.a in Frameworks */,
			);
			runOnlyForDeploymentPostprocessing = 0;
		};
/* End PBXFrameworksBuildPhase section */

/* Begin PBXGroup section */
		39801112F667E75D98194444 /* Frameworks */ = {
			isa = PBXGroup;
			children = (
				C1D8ABF0371FEEB832B2F84D /* libPods-LPLaunchManagerDemo.a */,
			);
			name = Frameworks;
			sourceTree = "<group>";
		};
		A6B2952D4A0721FF62CD98F1 /* Pods */ = {
			isa = PBXGroup;
			children = (
				16B8C5812D3ADC435914F2F5 /* Pods-LPLaunchManagerDemo.debug.xcconfig */,
				CC59966831BA66B26D5905E0 /* Pods-LPLaunchManagerDemo.release.xcconfig */,
			);
			name = Pods;
			sourceTree = "<group>";
		};
		AFFE3C201C3223EA004441F3 = {
			isa = PBXGroup;
			children = (
				AFFE3C431C3225CF004441F3 /* LPLaunchManager */,
				AFFE3C2B1C3223EA004441F3 /* LPLaunchManagerDemo */,
				AFFE3C2A1C3223EA004441F3 /* Products */,
				A6B2952D4A0721FF62CD98F1 /* Pods */,
				39801112F667E75D98194444 /* Frameworks */,
			);
			sourceTree = "<group>";
		};
		AFFE3C2A1C3223EA004441F3 /* Products */ = {
			isa = PBXGroup;
			children = (
				AFFE3C291C3223EA004441F3 /* LPLaunchManagerDemo.app */,
			);
			name = Products;
			sourceTree = "<group>";
		};
		AFFE3C2B1C3223EA004441F3 /* LPLaunchManagerDemo */ = {
			isa = PBXGroup;
			children = (
				AFFE3C2F1C3223EA004441F3 /* AppDelegate.h */,
				AFFE3C301C3223EA004441F3 /* AppDelegate.m */,
				AFFE3C321C3223EA004441F3 /* ViewController.h */,
				AFFE3C331C3223EA004441F3 /* ViewController.m */,
				AFFE3C381C3223EA004441F3 /* Assets.xcassets */,
				AFFE3C3D1C3223EA004441F3 /* Info.plist */,
				AFFE3C2C1C3223EA004441F3 /* Supporting Files */,
			);
			path = LPLaunchManagerDemo;
			sourceTree = "<group>";
		};
		AFFE3C2C1C3223EA004441F3 /* Supporting Files */ = {
			isa = PBXGroup;
			children = (
				AFFE3C2D1C3223EA004441F3 /* main.m */,
			);
			name = "Supporting Files";
			sourceTree = "<group>";
		};
		AFFE3C431C3225CF004441F3 /* LPLaunchManager */ = {
			isa = PBXGroup;
			children = (
				AFFE3C441C3225CF004441F3 /* LPADDataManager.h */,
				AFFE3C451C3225CF004441F3 /* LPADDataManager.m */,
				AFFE3C461C3225CF004441F3 /* LPADNetworking.h */,
				AFFE3C471C3225CF004441F3 /* LPADNetworking.m */,
				AFFE3C481C3225CF004441F3 /* LPADViewController.h */,
				AFFE3C491C3225CF004441F3 /* LPADViewController.m */,
				AFFE3C4D1C3228B9004441F3 /* LPLaunchManager.h */,
				AFFE3C4E1C3228B9004441F3 /* LPLaunchManager.m */,
			);
			name = LPLaunchManager;
			path = ../LPLaunchManager;
			sourceTree = "<group>";
		};
/* End PBXGroup section */

/* Begin PBXNativeTarget section */
		AFFE3C281C3223EA004441F3 /* LPLaunchManagerDemo */ = {
			isa = PBXNativeTarget;
			buildConfigurationList = AFFE3C401C3223EA004441F3 /* Build configuration list for PBXNativeTarget "LPLaunchManagerDemo" */;
			buildPhases = (
				09019D574D08775105116FF8 /* Check Pods Manifest.lock */,
				AFFE3C251C3223EA004441F3 /* Sources */,
				AFFE3C261C3223EA004441F3 /* Frameworks */,
				AFFE3C271C3223EA004441F3 /* Resources */,
				5F4CBE283CA2A02869159E28 /* Copy Pods Resources */,
			);
			buildRules = (
			);
			dependencies = (
			);
			name = LPLaunchManagerDemo;
			productName = LPLaunchManagerDemo;
			productReference = AFFE3C291C3223EA004441F3 /* LPLaunchManagerDemo.app */;
			productType = "com.apple.product-type.application";
		};
/* End PBXNativeTarget section */

/* Begin PBXProject section */
		AFFE3C211C3223EA004441F3 /* Project object */ = {
			isa = PBXProject;
			attributes = {
				LastUpgradeCheck = 0720;
				ORGANIZATIONNAME = loopeer;
				TargetAttributes = {
					AFFE3C281C3223EA004441F3 = {
						CreatedOnToolsVersion = 7.2;
						DevelopmentTeam = RR838T8FGP;
					};
				};
			};
			buildConfigurationList = AFFE3C241C3223EA004441F3 /* Build configuration list for PBXProject "LPLaunchManagerDemo" */;
			compatibilityVersion = "Xcode 3.2";
			developmentRegion = English;
			hasScannedForEncodings = 0;
			knownRegions = (
				en,
				Base,
			);
			mainGroup = AFFE3C201C3223EA004441F3;
			productRefGroup = AFFE3C2A1C3223EA004441F3 /* Products */;
			projectDirPath = "";
			projectRoot = "";
			targets = (
				AFFE3C281C3223EA004441F3 /* LPLaunchManagerDemo */,
			);
		};
/* End PBXProject section */

/* Begin PBXResourcesBuildPhase section */
		AFFE3C271C3223EA004441F3 /* Resources */ = {
			isa = PBXResourcesBuildPhase;
			buildActionMask = 2147483647;
			files = (
				AFFE3C391C3223EA004441F3 /* Assets.xcassets in Resources */,
			);
			runOnlyForDeploymentPostprocessing = 0;
		};
/* End PBXResourcesBuildPhase section */

/* Begin PBXShellScriptBuildPhase section */
		09019D574D08775105116FF8 /* Check Pods Manifest.lock */ = {
			isa = PBXShellScriptBuildPhase;
			buildActionMask = 2147483647;
			files = (
			);
			inputPaths = (
			);
			name = "Check Pods Manifest.lock";
			outputPaths = (
			);
			runOnlyForDeploymentPostprocessing = 0;
			shellPath = /bin/sh;
			shellScript = "diff \"${PODS_ROOT}/../Podfile.lock\" \"${PODS_ROOT}/Manifest.lock\" > /dev/null\nif [[ $? != 0 ]] ; then\n    cat << EOM\nerror: The sandbox is not in sync with the Podfile.lock. Run 'pod install' or update your CocoaPods installation.\nEOM\n    exit 1\nfi\n";
			showEnvVarsInLog = 0;
		};
		5F4CBE283CA2A02869159E28 /* Copy Pods Resources */ = {
			isa = PBXShellScriptBuildPhase;
			buildActionMask = 2147483647;
			files = (
			);
			inputPaths = (
			);
			name = "Copy Pods Resources";
			outputPaths = (
			);
			runOnlyForDeploymentPostprocessing = 0;
			shellPath = /bin/sh;
			shellScript = "\"${SRCROOT}/Pods/Target Support Files/Pods-LPLaunchManagerDemo/Pods-LPLaunchManagerDemo-resources.sh\"\n";
			showEnvVarsInLog = 0;
		};
/* End PBXShellScriptBuildPhase section */

/* Begin PBXSourcesBuildPhase section */
		AFFE3C251C3223EA004441F3 /* Sources */ = {
			isa = PBXSourcesBuildPhase;
			buildActionMask = 2147483647;
			files = (
				AFFE3C4B1C3225CF004441F3 /* LPADNetworking.m in Sources */,
				AFFE3C4C1C3225CF004441F3 /* LPADViewController.m in Sources */,
				AFFE3C341C3223EA004441F3 /* ViewController.m in Sources */,
				AFFE3C311C3223EA004441F3 /* AppDelegate.m in Sources */,
				AFFE3C4A1C3225CF004441F3 /* LPADDataManager.m in Sources */,
				AFFE3C2E1C3223EA004441F3 /* main.m in Sources */,
				AFFE3C4F1C3228B9004441F3 /* LPLaunchManager.m in Sources */,
			);
			runOnlyForDeploymentPostprocessing = 0;
		};
/* End PBXSourcesBuildPhase section */

/* Begin XCBuildConfiguration section */
		AFFE3C3E1C3223EA004441F3 /* Debug */ = {
			isa = XCBuildConfiguration;
			buildSettings = {
				ALWAYS_SEARCH_USER_PATHS = NO;
				CLANG_CXX_LANGUAGE_STANDARD = "gnu++0x";
				CLANG_CXX_LIBRARY = "libc++";
				CLANG_ENABLE_MODULES = YES;
				CLANG_ENABLE_OBJC_ARC = YES;
				CLANG_WARN_BOOL_CONVERSION = YES;
				CLANG_WARN_CONSTANT_CONVERSION = YES;
				CLANG_WARN_DIRECT_OBJC_ISA_USAGE = YES_ERROR;
				CLANG_WARN_EMPTY_BODY = YES;
				CLANG_WARN_ENUM_CONVERSION = YES;
				CLANG_WARN_INT_CONVERSION = YES;
				CLANG_WARN_OBJC_ROOT_CLASS = YES_ERROR;
				CLANG_WARN_UNREACHABLE_CODE = YES;
				CLANG_WARN__DUPLICATE_METHOD_MATCH = YES;
				"CODE_SIGN_IDENTITY[sdk=iphoneos*]" = "iPhone Developer";
				COPY_PHASE_STRIP = NO;
				DEBUG_INFORMATION_FORMAT = dwarf;
				ENABLE_STRICT_OBJC_MSGSEND = YES;
				ENABLE_TESTABILITY = YES;
				GCC_C_LANGUAGE_STANDARD = gnu99;
				GCC_DYNAMIC_NO_PIC = NO;
				GCC_NO_COMMON_BLOCKS = YES;
				GCC_OPTIMIZATION_LEVEL = 0;
				GCC_PREPROCESSOR_DEFINITIONS = (
					"DEBUG=1",
					"$(inherited)",
				);
				GCC_WARN_64_TO_32_BIT_CONVERSION = YES;
				GCC_WARN_ABOUT_RETURN_TYPE = YES_ERROR;
				GCC_WARN_UNDECLARED_SELECTOR = YES;
				GCC_WARN_UNINITIALIZED_AUTOS = YES_AGGRESSIVE;
				GCC_WARN_UNUSED_FUNCTION = YES;
				GCC_WARN_UNUSED_VARIABLE = YES;
				IPHONEOS_DEPLOYMENT_TARGET = 9.2;
				MTL_ENABLE_DEBUG_INFO = YES;
				ONLY_ACTIVE_ARCH = YES;
				SDKROOT = iphoneos;
			};
			name = Debug;
		};
		AFFE3C3F1C3223EA004441F3 /* Release */ = {
			isa = XCBuildConfiguration;
			buildSettings = {
				ALWAYS_SEARCH_USER_PATHS = NO;
				CLANG_CXX_LANGUAGE_STANDARD = "gnu++0x";
				CLANG_CXX_LIBRARY = "libc++";
				CLANG_ENABLE_MODULES = YES;
				CLANG_ENABLE_OBJC_ARC = YES;
				CLANG_WARN_BOOL_CONVERSION = YES;
				CLANG_WARN_CONSTANT_CONVERSION = YES;
				CLANG_WARN_DIRECT_OBJC_ISA_USAGE = YES_ERROR;
				CLANG_WARN_EMPTY_BODY = YES;
				CLANG_WARN_ENUM_CONVERSION = YES;
				CLANG_WARN_INT_CONVERSION = YES;
				CLANG_WARN_OBJC_ROOT_CLASS = YES_ERROR;
				CLANG_WARN_UNREACHABLE_CODE = YES;
				CLANG_WARN__DUPLICATE_METHOD_MATCH = YES;
				"CODE_SIGN_IDENTITY[sdk=iphoneos*]" = "iPhone Developer";
				COPY_PHASE_STRIP = NO;
				DEBUG_INFORMATION_FORMAT = "dwarf-with-dsym";
				ENABLE_NS_ASSERTIONS = NO;
				ENABLE_STRICT_OBJC_MSGSEND = YES;
				GCC_C_LANGUAGE_STANDARD = gnu99;
				GCC_NO_COMMON_BLOCKS = YES;
				GCC_WARN_64_TO_32_BIT_CONVERSION = YES;
				GCC_WARN_ABOUT_RETURN_TYPE = YES_ERROR;
				GCC_WARN_UNDECLARED_SELECTOR = YES;
				GCC_WARN_UNINITIALIZED_AUTOS = YES_AGGRESSIVE;
				GCC_WARN_UNUSED_FUNCTION = YES;
				GCC_WARN_UNUSED_VARIABLE = YES;
				IPHONEOS_DEPLOYMENT_TARGET = 9.2;
				MTL_ENABLE_DEBUG_INFO = NO;
				SDKROOT = iphoneos;
				VALIDATE_PRODUCT = YES;
			};
			name = Release;
		};
		AFFE3C411C3223EA004441F3 /* Debug */ = {
			isa = XCBuildConfiguration;
			baseConfigurationReference = 16B8C5812D3ADC435914F2F5 /* Pods-LPLaunchManagerDemo.debug.xcconfig */;
			buildSettings = {
				ASSETCATALOG_COMPILER_APPICON_NAME = AppIcon;
				ASSETCATALOG_COMPILER_LAUNCHIMAGE_NAME = "Brand Assets";
				CODE_SIGN_IDENTITY = "iPhone Developer";
				INFOPLIST_FILE = LPLaunchManagerDemo/Info.plist;
				IPHONEOS_DEPLOYMENT_TARGET = 7.0;
				LD_RUNPATH_SEARCH_PATHS = "$(inherited) @executable_path/Frameworks";
				PRODUCT_BUNDLE_IDENTIFIER = com.loopeer.LPLaunchManagerDemo;
				PRODUCT_NAME = "$(TARGET_NAME)";
			};
			name = Debug;
		};
		AFFE3C421C3223EA004441F3 /* Release */ = {
			isa = XCBuildConfiguration;
			baseConfigurationReference = CC59966831BA66B26D5905E0 /* Pods-LPLaunchManagerDemo.release.xcconfig */;
			buildSettings = {
				ASSETCATALOG_COMPILER_APPICON_NAME = AppIcon;
				ASSETCATALOG_COMPILER_LAUNCHIMAGE_NAME = "Brand Assets";
				CODE_SIGN_IDENTITY = "iPhone Developer";
				INFOPLIST_FILE = LPLaunchManagerDemo/Info.plist;
				IPHONEOS_DEPLOYMENT_TARGET = 7.0;
				LD_RUNPATH_SEARCH_PATHS = "$(inherited) @executable_path/Frameworks";
				PRODUCT_BUNDLE_IDENTIFIER = com.loopeer.LPLaunchManagerDemo;
				PRODUCT_NAME = "$(TARGET_NAME)";
			};
			name = Release;
		};
/* End XCBuildConfiguration section */

/* Begin XCConfigurationList section */
		AFFE3C241C3223EA004441F3 /* Build configuration list for PBXProject "LPLaunchManagerDemo" */ = {
			isa = XCConfigurationList;
			buildConfigurations = (
				AFFE3C3E1C3223EA004441F3 /* Debug */,
				AFFE3C3F1C3223EA004441F3 /* Release */,
			);
			defaultConfigurationIsVisible = 0;
			defaultConfigurationName = Release;
		};
		AFFE3C401C3223EA004441F3 /* Build configuration list for PBXNativeTarget "LPLaunchManagerDemo" */ = {
			isa = XCConfigurationList;
			buildConfigurations = (
				AFFE3C411C3223EA004441F3 /* Debug */,
				AFFE3C421C3223EA004441F3 /* Release */,
			);
			defaultConfigurationIsVisible = 0;
			defaultConfigurationName = Release;
		};
/* End XCConfigurationList section */
	};
	rootObject = AFFE3C211C3223EA004441F3 /* Project object */;
}
